
Microsoft Visual Studio Solution File, Format Version 12.00
Project("{FAE04EC0-301F-11D3-BF4B-00C04F79EFBC}") = "ConsoleUI", "ConsoleUI\ConsoleUI.csproj", "{EEAA3FE4-E5FF-4E99-BA02-E9716F36E61C}"
EndProject
Project("{FAE04EC0-301F-11D3-BF4B-00C04F79EFBC}") = "LogicLib", "LogicLib\LogicLib.csproj", "{02FEA283-F3D5-438B-BB83-7DD98043C8FC}"
EndProject
Project("{FAE04EC0-301F-11D3-BF4B-00C04F79EFBC}") = "Domain", "Domain\Domain.csproj", "{EFFEDDB4-CDFC-418D-9BDF-142181EED614}"
EndProject
Global
	GlobalSection(SolutionConfigurationPlatforms) = preSolution
		Debug|Any CPU = Debug|Any CPU
		Release|Any CPU = Release|Any CPU
	EndGlobalSection
	GlobalSection(ProjectConfigurationPlatforms) = postSolution
		{EEAA3FE4-E5FF-4E99-BA02-E9716F36E61C}.Debug|Any CPU.ActiveCfg = Debug|Any CPU
		{EEAA3FE4-E5FF-4E99-BA02-E9716F36E61C}.Debug|Any CPU.Build.0 = Debug|Any CPU
		{EEAA3FE4-E5FF-4E99-BA02-E9716F36E61C}.Release|Any CPU.ActiveCfg = Release|Any CPU
		{EEAA3FE4-E5FF-4E99-BA02-E9716F36E61C}.Release|Any CPU.Build.0 = Release|Any CPU
		{02FEA283-F3D5-438B-BB83-7DD98043C8FC}.Debug|Any CPU.ActiveCfg = Debug|Any CPU
		{02FEA283-F3D5-438B-BB83-7DD98043C8FC}.Debug|Any CPU.Build.0 = Debug|Any CPU
		{02FEA283-F3D5-438B-BB83-7DD98043C8FC}.Release|Any CPU.ActiveCfg = Release|Any CPU
		{02FEA283-F3D5-438B-BB83-7DD98043C8FC}.Release|Any CPU.Build.0 = Release|Any CPU
		{EFFEDDB4-CDFC-418D-9BDF-142181EED614}.Debug|Any CPU.ActiveCfg = Debug|Any CPU
		{EFFEDDB4-CDFC-418D-9BDF-142181EED614}.Debug|Any CPU.Build.0 = Debug|Any CPU
		{EFFEDDB4-CDFC-418D-9BDF-142181EED614}.Release|Any CPU.ActiveCfg = Release|Any CPU
		{EFFEDDB4-CDFC-418D-9BDF-142181EED614}.Release|Any CPU.Build.0 = Release|Any CPU
	EndGlobalSection
EndGlobal
